
Microsoft Visual Studio Solution File, Format Version 12.00
# Visual Studio Version 16
VisualStudioVersion = 16.0.30611.23
MinimumVisualStudioVersion = 10.0.40219.1
Project("{FAE04EC0-301F-11D3-BF4B-00C04F79EFBC}") = "WeightedGraph", "WeightedGraph\WeightedGraph.csproj", "{C871F6D5-E69A-4939-B516-87F7B5E32E33}"
EndProject
Global
	GlobalSection(SolutionConfigurationPlatforms) = preSolution
		Debug|Any CPU = Debug|Any CPU
		Release|Any CPU = Release|Any CPU
	EndGlobalSection
	GlobalSection(ProjectConfigurationPlatforms) = postSolution
		{C871F6D5-E69A-4939-B516-87F7B5E32E33}.Debug|Any CPU.ActiveCfg = Debug|Any CPU
		{C871F6D5-E69A-4939-B516-87F7B5E32E33}.Debug|Any CPU.Build.0 = Debug|Any CPU
		{C871F6D5-E69A-4939-B516-87F7B5E32E33}.Release|Any CPU.ActiveCfg = Release|Any CPU
		{C871F6D5-E69A-4939-B516-87F7B5E32E33}.Release|Any CPU.Build.0 = Release|Any CPU
	EndGlobalSection
	GlobalSection(SolutionProperties) = preSolution
		HideSolutionNode = FALSE
	EndGlobalSection
	GlobalSection(ExtensibilityGlobals) = postSolution
		SolutionGuid = {D392C5BC-676F-4F09-A63D-763010D39E6F}
	EndGlobalSection
EndGlobal
