
Microsoft Visual Studio Solution File, Format Version 12.00
# Visual Studio Version 16
VisualStudioVersion = 16.0.30523.141
MinimumVisualStudioVersion = 10.0.40219.1
Project("{FAE04EC0-301F-11D3-BF4B-00C04F79EFBC}") = "Dictionary", "Dictionary\Dictionary.csproj", "{29A78BA4-4432-4D90-B637-1DC90CC6C75D}"
EndProject
Global
	GlobalSection(SolutionConfigurationPlatforms) = preSolution
		Debug|Any CPU = Debug|Any CPU
		Release|Any CPU = Release|Any CPU
	EndGlobalSection
	GlobalSection(ProjectConfigurationPlatforms) = postSolution
		{29A78BA4-4432-4D90-B637-1DC90CC6C75D}.Debug|Any CPU.ActiveCfg = Debug|Any CPU
		{29A78BA4-4432-4D90-B637-1DC90CC6C75D}.Debug|Any CPU.Build.0 = Debug|Any CPU
		{29A78BA4-4432-4D90-B637-1DC90CC6C75D}.Release|Any CPU.ActiveCfg = Release|Any CPU
		{29A78BA4-4432-4D90-B637-1DC90CC6C75D}.Release|Any CPU.Build.0 = Release|Any CPU
	EndGlobalSection
	GlobalSection(SolutionProperties) = preSolution
		HideSolutionNode = FALSE
	EndGlobalSection
	GlobalSection(ExtensibilityGlobals) = postSolution
		SolutionGuid = {57C1566B-9E4F-4D7E-958E-C4952DD94FF6}
	EndGlobalSection
EndGlobal
